
Microsoft Visual Studio Solution File, Format Version 12.00
# Visual Studio Version 17
VisualStudioVersion = 17.4.33205.214
MinimumVisualStudioVersion = 10.0.40219.1
Project("{FAE04EC0-301F-11D3-BF4B-00C04F79EFBC}") = "UnzipFiles", "UnzipFiles.csproj", "{96EE1CC6-739D-454B-85F4-1FBA535948A1}"
EndProject
Global
	GlobalSection(SolutionConfigurationPlatforms) = preSolution
		Debug|Any CPU = Debug|Any CPU
		Release|Any CPU = Release|Any CPU
	EndGlobalSection
	GlobalSection(ProjectConfigurationPlatforms) = postSolution
		{96EE1CC6-739D-454B-85F4-1FBA535948A1}.Debug|Any CPU.ActiveCfg = Debug|Any CPU
		{96EE1CC6-739D-454B-85F4-1FBA535948A1}.Debug|Any CPU.Build.0 = Debug|Any CPU
		{96EE1CC6-739D-454B-85F4-1FBA535948A1}.Release|Any CPU.ActiveCfg = Release|Any CPU
		{96EE1CC6-739D-454B-85F4-1FBA535948A1}.Release|Any CPU.Build.0 = Release|Any CPU
	EndGlobalSection
	GlobalSection(SolutionProperties) = preSolution
		HideSolutionNode = FALSE
	EndGlobalSection
	GlobalSection(ExtensibilityGlobals) = postSolution
		SolutionGuid = {DE7A77DD-4DB0-4AD2-B932-D2FF120ABC06}
	EndGlobalSection
EndGlobal
